
Microsoft Visual Studio Solution File, Format Version 12.00
# Visual Studio Version 17
VisualStudioVersion = 17.4.33122.133
MinimumVisualStudioVersion = 10.0.40219.1
Project("{FAE04EC0-301F-11D3-BF4B-00C04F79EFBC}") = "SlnAppBlogCore", "SlnAppBlogCore\SlnAppBlogCore.csproj", "{C7DBD3F5-053F-47D3-813A-8509E9E92A59}"
EndProject
Project("{FAE04EC0-301F-11D3-BF4B-00C04F79EFBC}") = "SlnAppBlogCore.AccesoDatos", "SlnAppBlogCore.AccesoDatos\SlnAppBlogCore.AccesoDatos.csproj", "{22C75895-F87E-48B1-9ED3-CCED21E8B231}"
EndProject
Project("{FAE04EC0-301F-11D3-BF4B-00C04F79EFBC}") = "SlnAppBlogCore.Models", "SlnAppBlogCore.Models\SlnAppBlogCore.Models.csproj", "{E5B666A2-3868-4819-AFBC-B37A17BED97E}"
EndProject
Project("{FAE04EC0-301F-11D3-BF4B-00C04F79EFBC}") = "SlnAppBlogCore.Utilidades", "SlnAppBlogCore.Utilidades\SlnAppBlogCore.Utilidades.csproj", "{693C29FB-E1AC-4C46-8455-BA191D75F835}"
EndProject
Global
	GlobalSection(SolutionConfigurationPlatforms) = preSolution
		Debug|Any CPU = Debug|Any CPU
		Release|Any CPU = Release|Any CPU
	EndGlobalSection
	GlobalSection(ProjectConfigurationPlatforms) = postSolution
		{C7DBD3F5-053F-47D3-813A-8509E9E92A59}.Debug|Any CPU.ActiveCfg = Debug|Any CPU
		{C7DBD3F5-053F-47D3-813A-8509E9E92A59}.Debug|Any CPU.Build.0 = Debug|Any CPU
		{C7DBD3F5-053F-47D3-813A-8509E9E92A59}.Release|Any CPU.ActiveCfg = Release|Any CPU
		{C7DBD3F5-053F-47D3-813A-8509E9E92A59}.Release|Any CPU.Build.0 = Release|Any CPU
		{22C75895-F87E-48B1-9ED3-CCED21E8B231}.Debug|Any CPU.ActiveCfg = Debug|Any CPU
		{22C75895-F87E-48B1-9ED3-CCED21E8B231}.Debug|Any CPU.Build.0 = Debug|Any CPU
		{22C75895-F87E-48B1-9ED3-CCED21E8B231}.Release|Any CPU.ActiveCfg = Release|Any CPU
		{22C75895-F87E-48B1-9ED3-CCED21E8B231}.Release|Any CPU.Build.0 = Release|Any CPU
		{E5B666A2-3868-4819-AFBC-B37A17BED97E}.Debug|Any CPU.ActiveCfg = Debug|Any CPU
		{E5B666A2-3868-4819-AFBC-B37A17BED97E}.Debug|Any CPU.Build.0 = Debug|Any CPU
		{E5B666A2-3868-4819-AFBC-B37A17BED97E}.Release|Any CPU.ActiveCfg = Release|Any CPU
		{E5B666A2-3868-4819-AFBC-B37A17BED97E}.Release|Any CPU.Build.0 = Release|Any CPU
		{693C29FB-E1AC-4C46-8455-BA191D75F835}.Debug|Any CPU.ActiveCfg = Debug|Any CPU
		{693C29FB-E1AC-4C46-8455-BA191D75F835}.Debug|Any CPU.Build.0 = Debug|Any CPU
		{693C29FB-E1AC-4C46-8455-BA191D75F835}.Release|Any CPU.ActiveCfg = Release|Any CPU
		{693C29FB-E1AC-4C46-8455-BA191D75F835}.Release|Any CPU.Build.0 = Release|Any CPU
	EndGlobalSection
	GlobalSection(SolutionProperties) = preSolution
		HideSolutionNode = FALSE
	EndGlobalSection
	GlobalSection(ExtensibilityGlobals) = postSolution
		SolutionGuid = {707A771F-1BCA-487D-B2A3-DA4EE4D6DA61}
	EndGlobalSection
EndGlobal
